
Microsoft Visual Studio Solution File, Format Version 12.00
# Visual Studio Version 17
VisualStudioVersion = 17.9.34714.143
MinimumVisualStudioVersion = 10.0.40219.1
Project("{8BC9CEB8-8B4A-11D0-8D11-00A0C91BC942}") = "Lab_09", "Lab_09.vcxproj", "{99972FBA-A43C-4C5A-9583-83B80434AFBD}"
EndProject
Global
	GlobalSection(SolutionConfigurationPlatforms) = preSolution
		Debug|x64 = Debug|x64
		Debug|x86 = Debug|x86
		Release|x64 = Release|x64
		Release|x86 = Release|x86
	EndGlobalSection
	GlobalSection(ProjectConfigurationPlatforms) = postSolution
		{99972FBA-A43C-4C5A-9583-83B80434AFBD}.Debug|x64.ActiveCfg = Debug|x64
		{99972FBA-A43C-4C5A-9583-83B80434AFBD}.Debug|x64.Build.0 = Debug|x64
		{99972FBA-A43C-4C5A-9583-83B80434AFBD}.Debug|x86.ActiveCfg = Debug|Win32
		{99972FBA-A43C-4C5A-9583-83B80434AFBD}.Debug|x86.Build.0 = Debug|Win32
		{99972FBA-A43C-4C5A-9583-83B80434AFBD}.Release|x64.ActiveCfg = Release|x64
		{99972FBA-A43C-4C5A-9583-83B80434AFBD}.Release|x64.Build.0 = Release|x64
		{99972FBA-A43C-4C5A-9583-83B80434AFBD}.Release|x86.ActiveCfg = Release|Win32
		{99972FBA-A43C-4C5A-9583-83B80434AFBD}.Release|x86.Build.0 = Release|Win32
	EndGlobalSection
	GlobalSection(SolutionProperties) = preSolution
		HideSolutionNode = FALSE
	EndGlobalSection
	GlobalSection(ExtensibilityGlobals) = postSolution
		SolutionGuid = {3BB764A5-581F-4C87-9BD8-095944734537}
	EndGlobalSection
EndGlobal
